
Microsoft Visual Studio Solution File, Format Version 12.00
# Visual Studio Version 17
VisualStudioVersion = 17.11.35312.102
MinimumVisualStudioVersion = 10.0.40219.1
Project("{FAE04EC0-301F-11D3-BF4B-00C04F79EFBC}") = "LiveData", "LiveData\LiveData.csproj", "{96B7DC04-39F4-4C10-9105-BC9B40759F9F}"
EndProject
Global
	GlobalSection(SolutionConfigurationPlatforms) = preSolution
		Debug|Any CPU = Debug|Any CPU
		Release|Any CPU = Release|Any CPU
	EndGlobalSection
	GlobalSection(ProjectConfigurationPlatforms) = postSolution
		{96B7DC04-39F4-4C10-9105-BC9B40759F9F}.Debug|Any CPU.ActiveCfg = Debug|Any CPU
		{96B7DC04-39F4-4C10-9105-BC9B40759F9F}.Debug|Any CPU.Build.0 = Debug|Any CPU
		{96B7DC04-39F4-4C10-9105-BC9B40759F9F}.Release|Any CPU.ActiveCfg = Release|Any CPU
		{96B7DC04-39F4-4C10-9105-BC9B40759F9F}.Release|Any CPU.Build.0 = Release|Any CPU
	EndGlobalSection
	GlobalSection(SolutionProperties) = preSolution
		HideSolutionNode = FALSE
	EndGlobalSection
	GlobalSection(ExtensibilityGlobals) = postSolution
		SolutionGuid = {4D3B4D04-23D6-4F70-A666-32C8124326B5}
	EndGlobalSection
EndGlobal
